
Microsoft Visual Studio Solution File, Format Version 12.00
# Visual Studio 15
VisualStudioVersion = 15.0.28307.489
MinimumVisualStudioVersion = 10.0.40219.1
Project("{8BC9CEB8-8B4A-11D0-8D11-00A0C91BC942}") = "LeetCode", "LeetCode\LeetCode.vcxproj", "{AEF22990-13DF-4BC7-8944-978ACF1815F4}"
EndProject
Project("{8BC9CEB8-8B4A-11D0-8D11-00A0C91BC942}") = "LeetCodeTest", "LeetCodeTest\LeetCodeTest.vcxproj", "{E1CC7FB1-5C08-4860-BD9B-4366A94554DA}"
EndProject
Global
	GlobalSection(SolutionConfigurationPlatforms) = preSolution
		Debug|x64 = Debug|x64
		Debug|x86 = Debug|x86
		Release|x64 = Release|x64
		Release|x86 = Release|x86
	EndGlobalSection
	GlobalSection(ProjectConfigurationPlatforms) = postSolution
		{AEF22990-13DF-4BC7-8944-978ACF1815F4}.Debug|x64.ActiveCfg = Debug|x64
		{AEF22990-13DF-4BC7-8944-978ACF1815F4}.Debug|x64.Build.0 = Debug|x64
		{AEF22990-13DF-4BC7-8944-978ACF1815F4}.Debug|x86.ActiveCfg = Debug|Win32
		{AEF22990-13DF-4BC7-8944-978ACF1815F4}.Debug|x86.Build.0 = Debug|Win32
		{AEF22990-13DF-4BC7-8944-978ACF1815F4}.Release|x64.ActiveCfg = Release|x64
		{AEF22990-13DF-4BC7-8944-978ACF1815F4}.Release|x64.Build.0 = Release|x64
		{AEF22990-13DF-4BC7-8944-978ACF1815F4}.Release|x86.ActiveCfg = Release|Win32
		{AEF22990-13DF-4BC7-8944-978ACF1815F4}.Release|x86.Build.0 = Release|Win32
		{E1CC7FB1-5C08-4860-BD9B-4366A94554DA}.Debug|x64.ActiveCfg = Debug|x64
		{E1CC7FB1-5C08-4860-BD9B-4366A94554DA}.Debug|x64.Build.0 = Debug|x64
		{E1CC7FB1-5C08-4860-BD9B-4366A94554DA}.Debug|x86.ActiveCfg = Debug|Win32
		{E1CC7FB1-5C08-4860-BD9B-4366A94554DA}.Debug|x86.Build.0 = Debug|Win32
		{E1CC7FB1-5C08-4860-BD9B-4366A94554DA}.Release|x64.ActiveCfg = Release|x64
		{E1CC7FB1-5C08-4860-BD9B-4366A94554DA}.Release|x64.Build.0 = Release|x64
		{E1CC7FB1-5C08-4860-BD9B-4366A94554DA}.Release|x86.ActiveCfg = Release|Win32
		{E1CC7FB1-5C08-4860-BD9B-4366A94554DA}.Release|x86.Build.0 = Release|Win32
	EndGlobalSection
	GlobalSection(SolutionProperties) = preSolution
		HideSolutionNode = FALSE
	EndGlobalSection
	GlobalSection(ExtensibilityGlobals) = postSolution
		SolutionGuid = {B033AB24-5922-49DD-91F8-1B17BBF357DD}
	EndGlobalSection
EndGlobal
